
Microsoft Visual Studio Solution File, Format Version 12.00
# Visual Studio 15
VisualStudioVersion = 15.0.27130.2010
MinimumVisualStudioVersion = 10.0.40219.1
Project("{FAE04EC0-301F-11D3-BF4B-00C04F79EFBC}") = "SOLIDVehicles", "SOLIDVehicles\SOLIDVehicles.csproj", "{71BD6C2F-1138-4879-93B6-E574E8FE8107}"
EndProject
Global
	GlobalSection(SolutionConfigurationPlatforms) = preSolution
		Debug|Any CPU = Debug|Any CPU
		Release|Any CPU = Release|Any CPU
	EndGlobalSection
	GlobalSection(ProjectConfigurationPlatforms) = postSolution
		{71BD6C2F-1138-4879-93B6-E574E8FE8107}.Debug|Any CPU.ActiveCfg = Debug|Any CPU
		{71BD6C2F-1138-4879-93B6-E574E8FE8107}.Debug|Any CPU.Build.0 = Debug|Any CPU
		{71BD6C2F-1138-4879-93B6-E574E8FE8107}.Release|Any CPU.ActiveCfg = Release|Any CPU
		{71BD6C2F-1138-4879-93B6-E574E8FE8107}.Release|Any CPU.Build.0 = Release|Any CPU
	EndGlobalSection
	GlobalSection(SolutionProperties) = preSolution
		HideSolutionNode = FALSE
	EndGlobalSection
	GlobalSection(ExtensibilityGlobals) = postSolution
		SolutionGuid = {915C9EED-853A-4BF9-B626-2A0648E693A0}
	EndGlobalSection
EndGlobal
